
Microsoft Visual Studio Solution File, Format Version 12.00
# Visual Studio Version 17
VisualStudioVersion = 17.8.34330.188
MinimumVisualStudioVersion = 10.0.40219.1
Project("{9A19103F-16F7-4668-BE54-9A1E7A4F7556}") = "NetCoreMinimalApi", "src\NetCoreMinimalApi.csproj", "{5A35547B-A948-449A-A03E-FD82A9F1DF19}"
EndProject
Project("{E53339B2-1760-4266-BCC7-CA923CBCF16C}") = "docker-compose", "docker-compose.dcproj", "{8D3B08B6-3EF4-4F39-9B27-A42DCE31BE59}"
EndProject
Global
	GlobalSection(SolutionConfigurationPlatforms) = preSolution
		Debug|Any CPU = Debug|Any CPU
		Release|Any CPU = Release|Any CPU
	EndGlobalSection
	GlobalSection(ProjectConfigurationPlatforms) = postSolution
		{5A35547B-A948-449A-A03E-FD82A9F1DF19}.Debug|Any CPU.ActiveCfg = Debug|Any CPU
		{5A35547B-A948-449A-A03E-FD82A9F1DF19}.Debug|Any CPU.Build.0 = Debug|Any CPU
		{5A35547B-A948-449A-A03E-FD82A9F1DF19}.Release|Any CPU.ActiveCfg = Release|Any CPU
		{5A35547B-A948-449A-A03E-FD82A9F1DF19}.Release|Any CPU.Build.0 = Release|Any CPU
		{8D3B08B6-3EF4-4F39-9B27-A42DCE31BE59}.Debug|Any CPU.ActiveCfg = Debug|Any CPU
		{8D3B08B6-3EF4-4F39-9B27-A42DCE31BE59}.Debug|Any CPU.Build.0 = Debug|Any CPU
		{8D3B08B6-3EF4-4F39-9B27-A42DCE31BE59}.Release|Any CPU.ActiveCfg = Release|Any CPU
		{8D3B08B6-3EF4-4F39-9B27-A42DCE31BE59}.Release|Any CPU.Build.0 = Release|Any CPU
	EndGlobalSection
	GlobalSection(SolutionProperties) = preSolution
		HideSolutionNode = FALSE
	EndGlobalSection
	GlobalSection(ExtensibilityGlobals) = postSolution
		SolutionGuid = {C2ECE8D6-A5FB-4F7E-A947-25FF0136BBE1}
	EndGlobalSection
EndGlobal
