
Microsoft Visual Studio Solution File, Format Version 12.00
# Visual Studio Version 17
VisualStudioVersion = 17.8.34330.188
MinimumVisualStudioVersion = 10.0.40219.1
Project("{FAE04EC0-301F-11D3-BF4B-00C04F79EFBC}") = "NetCoreMinimalApi", "NetCoreMinimalApi.csproj", "{DD611284-1B05-4560-8EB6-F82F2A5C63B7}"
EndProject
Global
	GlobalSection(SolutionConfigurationPlatforms) = preSolution
		Debug|Any CPU = Debug|Any CPU
		Release|Any CPU = Release|Any CPU
	EndGlobalSection
	GlobalSection(ProjectConfigurationPlatforms) = postSolution
		{DD611284-1B05-4560-8EB6-F82F2A5C63B7}.Debug|Any CPU.ActiveCfg = Debug|Any CPU
		{DD611284-1B05-4560-8EB6-F82F2A5C63B7}.Debug|Any CPU.Build.0 = Debug|Any CPU
		{DD611284-1B05-4560-8EB6-F82F2A5C63B7}.Release|Any CPU.ActiveCfg = Release|Any CPU
		{DD611284-1B05-4560-8EB6-F82F2A5C63B7}.Release|Any CPU.Build.0 = Release|Any CPU
	EndGlobalSection
	GlobalSection(SolutionProperties) = preSolution
		HideSolutionNode = FALSE
	EndGlobalSection
	GlobalSection(ExtensibilityGlobals) = postSolution
		SolutionGuid = {C2ECE8D6-A5FB-4F7E-A947-25FF0136BBE1}
	EndGlobalSection
EndGlobal
